// !$*UTF8*$!
{
	archiveVersion = 1;
	classes = {
	};
	objectVersion = 46;
	objects = {

/* Begin PBXBuildFile section */
		5D0A25F61CD28DD300B8C71D /* PlayerEnum.swift in Sources */ = {isa = PBXBuildFile; fileRef = 5D0A25F51CD28DD300B8C71D /* PlayerEnum.swift */; };
		5D0A25F81CD28E4D00B8C71D /* PlayerFactory.swift in Sources */ = {isa = PBXBuildFile; fileRef = 5D0A25F71CD28E4D00B8C71D /* PlayerFactory.swift */; };
		5D81C57A1CC404A900F8899E /* main.swift in Sources */ = {isa = PBXBuildFile; fileRef = 5D81C5791CC404A900F8899E /* main.swift */; };
		5D81C5811CC404E900F8899E /* Field.swift in Sources */ = {isa = PBXBuildFile; fileRef = 5D81C5801CC404E900F8899E /* Field.swift */; };
		5D81C5831CC4054000F8899E /* Figure.swift in Sources */ = {isa = PBXBuildFile; fileRef = 5D81C5821CC4054000F8899E /* Figure.swift */; };
		5D81C5851CC4058200F8899E /* PlayerProtocol.swift in Sources */ = {isa = PBXBuildFile; fileRef = 5D81C5841CC4058200F8899E /* PlayerProtocol.swift */; };
		5D81C5871CC4065000F8899E /* Human.swift in Sources */ = {isa = PBXBuildFile; fileRef = 5D81C5861CC4065000F8899E /* Human.swift */; };
		5D81C5891CC4089800F8899E /* PlayerClass.swift in Sources */ = {isa = PBXBuildFile; fileRef = 5D81C5881CC4089800F8899E /* PlayerClass.swift */; };
		5D81C58B1CC4105600F8899E /* Status.swift in Sources */ = {isa = PBXBuildFile; fileRef = 5D81C58A1CC4105600F8899E /* Status.swift */; };
		5D81C58D1CC41B0C00F8899E /* ComputerWeight.swift in Sources */ = {isa = PBXBuildFile; fileRef = 5D81C58C1CC41B0C00F8899E /* ComputerWeight.swift */; };
		5DCF285F1CD1588600661CC4 /* ComputerRandom.swift in Sources */ = {isa = PBXBuildFile; fileRef = 5DCF285E1CD1588600661CC4 /* ComputerRandom.swift */; };
/* End PBXBuildFile section */

/* Begin PBXCopyFilesBuildPhase section */
		5D81C5741CC404A900F8899E /* CopyFiles */ = {
			isa = PBXCopyFilesBuildPhase;
			buildActionMask = 2147483647;
			dstPath = /usr/share/man/man1/;
			dstSubfolderSpec = 0;
			files = (
			);
			runOnlyForDeploymentPostprocessing = 1;
		};
/* End PBXCopyFilesBuildPhase section */

/* Begin PBXFileReference section */
		5D0A25F51CD28DD300B8C71D /* PlayerEnum.swift */ = {isa = PBXFileReference; fileEncoding = 4; lastKnownFileType = sourcecode.swift; path = PlayerEnum.swift; sourceTree = "<group>"; };
		5D0A25F71CD28E4D00B8C71D /* PlayerFactory.swift */ = {isa = PBXFileReference; fileEncoding = 4; lastKnownFileType = sourcecode.swift; path = PlayerFactory.swift; sourceTree = "<group>"; };
		5D81C5761CC404A900F8899E /* TicTacToe */ = {isa = PBXFileReference; explicitFileType = "compiled.mach-o.executable"; includeInIndex = 0; path = TicTacToe; sourceTree = BUILT_PRODUCTS_DIR; };
		5D81C5791CC404A900F8899E /* main.swift */ = {isa = PBXFileReference; lastKnownFileType = sourcecode.swift; path = main.swift; sourceTree = "<group>"; };
		5D81C5801CC404E900F8899E /* Field.swift */ = {isa = PBXFileReference; fileEncoding = 4; lastKnownFileType = sourcecode.swift; path = Field.swift; sourceTree = "<group>"; };
		5D81C5821CC4054000F8899E /* Figure.swift */ = {isa = PBXFileReference; fileEncoding = 4; lastKnownFileType = sourcecode.swift; path = Figure.swift; sourceTree = "<group>"; };
		5D81C5841CC4058200F8899E /* PlayerProtocol.swift */ = {isa = PBXFileReference; fileEncoding = 4; lastKnownFileType = sourcecode.swift; path = PlayerProtocol.swift; sourceTree = "<group>"; };
		5D81C5861CC4065000F8899E /* Human.swift */ = {isa = PBXFileReference; fileEncoding = 4; lastKnownFileType = sourcecode.swift; path = Human.swift; sourceTree = "<group>"; };
		5D81C5881CC4089800F8899E /* PlayerClass.swift */ = {isa = PBXFileReference; fileEncoding = 4; lastKnownFileType = sourcecode.swift; path = PlayerClass.swift; sourceTree = "<group>"; };
		5D81C58A1CC4105600F8899E /* Status.swift */ = {isa = PBXFileReference; fileEncoding = 4; lastKnownFileType = sourcecode.swift; path = Status.swift; sourceTree = "<group>"; };
		5D81C58C1CC41B0C00F8899E /* ComputerWeight.swift */ = {isa = PBXFileReference; fileEncoding = 4; lastKnownFileType = sourcecode.swift; path = ComputerWeight.swift; sourceTree = "<group>"; };
		5DCF285E1CD1588600661CC4 /* ComputerRandom.swift */ = {isa = PBXFileReference; fileEncoding = 4; lastKnownFileType = sourcecode.swift; path = ComputerRandom.swift; sourceTree = "<group>"; };
		5DF380C81CD365DC00821240 /* woke.xctest */ = {isa = PBXFileReference; explicitFileType = wrapper.cfbundle; includeInIndex = 0; path = woke.xctest; sourceTree = BUILT_PRODUCTS_DIR; };
/* End PBXFileReference section */

/* Begin PBXFrameworksBuildPhase section */
		5D81C5731CC404A900F8899E /* Frameworks */ = {
			isa = PBXFrameworksBuildPhase;
			buildActionMask = 2147483647;
			files = (
			);
			runOnlyForDeploymentPostprocessing = 0;
		};
		5DF380C51CD365DC00821240 /* Frameworks */ = {
			isa = PBXFrameworksBuildPhase;
			buildActionMask = 2147483647;
			files = (
			);
			runOnlyForDeploymentPostprocessing = 0;
		};
/* End PBXFrameworksBuildPhase section */

/* Begin PBXGroup section */
		5D81C56D1CC404A900F8899E = {
			isa = PBXGroup;
			children = (
				5D81C5781CC404A900F8899E /* TicTacToe */,
				5D81C5771CC404A900F8899E /* Products */,
			);
			sourceTree = "<group>";
		};
		5D81C5771CC404A900F8899E /* Products */ = {
			isa = PBXGroup;
			children = (
				5D81C5761CC404A900F8899E /* TicTacToe */,
				5DF380C81CD365DC00821240 /* woke.xctest */,
			);
			name = Products;
			sourceTree = "<group>";
		};
		5D81C5781CC404A900F8899E /* TicTacToe */ = {
			isa = PBXGroup;
			children = (
				5D81C5791CC404A900F8899E /* main.swift */,
				5D81C58A1CC4105600F8899E /* Status.swift */,
				5D81C5801CC404E900F8899E /* Field.swift */,
				5D81C5821CC4054000F8899E /* Figure.swift */,
				5D81C5841CC4058200F8899E /* PlayerProtocol.swift */,
				5D81C5881CC4089800F8899E /* PlayerClass.swift */,
				5D0A25F51CD28DD300B8C71D /* PlayerEnum.swift */,
				5D0A25F71CD28E4D00B8C71D /* PlayerFactory.swift */,
				5D81C5861CC4065000F8899E /* Human.swift */,
				5D81C58C1CC41B0C00F8899E /* ComputerWeight.swift */,
				5DCF285E1CD1588600661CC4 /* ComputerRandom.swift */,
			);
			path = TicTacToe;
			sourceTree = "<group>";
		};
/* End PBXGroup section */

/* Begin PBXNativeTarget section */
		5D81C5751CC404A900F8899E /* TicTacToe */ = {
			isa = PBXNativeTarget;
			buildConfigurationList = 5D81C57D1CC404A900F8899E /* Build configuration list for PBXNativeTarget "TicTacToe" */;
			buildPhases = (
				5D81C5721CC404A900F8899E /* Sources */,
				5D81C5731CC404A900F8899E /* Frameworks */,
				5D81C5741CC404A900F8899E /* CopyFiles */,
			);
			buildRules = (
			);
			dependencies = (
			);
			name = TicTacToe;
			productName = TicTacToe;
			productReference = 5D81C5761CC404A900F8899E /* TicTacToe */;
			productType = "com.apple.product-type.tool";
		};
		5DF380C71CD365DC00821240 /* woke */ = {
			isa = PBXNativeTarget;
			buildConfigurationList = 5DF380CD1CD365DC00821240 /* Build configuration list for PBXNativeTarget "woke" */;
			buildPhases = (
				5DF380C41CD365DC00821240 /* Sources */,
				5DF380C51CD365DC00821240 /* Frameworks */,
				5DF380C61CD365DC00821240 /* Resources */,
			);
			buildRules = (
			);
			dependencies = (
			);
			name = woke;
			productName = woke;
			productReference = 5DF380C81CD365DC00821240 /* woke.xctest */;
			productType = "com.apple.product-type.bundle.unit-test";
		};
/* End PBXNativeTarget section */

/* Begin PBXProject section */
		5D81C56E1CC404A900F8899E /* Project object */ = {
			isa = PBXProject;
			attributes = {
				LastSwiftUpdateCheck = 0730;
				LastUpgradeCheck = 0730;
				ORGANIZATIONNAME = "Wolfgang Keller";
				TargetAttributes = {
					5D81C5751CC404A900F8899E = {
						CreatedOnToolsVersion = 7.3;
					};
					5DF380C71CD365DC00821240 = {
						CreatedOnToolsVersion = 7.3;
					};
				};
			};
			buildConfigurationList = 5D81C5711CC404A900F8899E /* Build configuration list for PBXProject "TicTacToe" */;
			compatibilityVersion = "Xcode 3.2";
			developmentRegion = English;
			hasScannedForEncodings = 0;
			knownRegions = (
				en,
			);
			mainGroup = 5D81C56D1CC404A900F8899E;
			productRefGroup = 5D81C5771CC404A900F8899E /* Products */;
			projectDirPath = "";
			projectRoot = "";
			targets = (
				5D81C5751CC404A900F8899E /* TicTacToe */,
				5DF380C71CD365DC00821240 /* woke */,
			);
		};
/* End PBXProject section */

/* Begin PBXResourcesBuildPhase section */
		5DF380C61CD365DC00821240 /* Resources */ = {
			isa = PBXResourcesBuildPhase;
			buildActionMask = 2147483647;
			files = (
			);
			runOnlyForDeploymentPostprocessing = 0;
		};
/* End PBXResourcesBuildPhase section */

/* Begin PBXSourcesBuildPhase section */
		5D81C5721CC404A900F8899E /* Sources */ = {
			isa = PBXSourcesBuildPhase;
			buildActionMask = 2147483647;
			files = (
				5D81C58D1CC41B0C00F8899E /* ComputerWeight.swift in Sources */,
				5D0A25F61CD28DD300B8C71D /* PlayerEnum.swift in Sources */,
				5D81C5851CC4058200F8899E /* PlayerProtocol.swift in Sources */,
				5D81C5811CC404E900F8899E /* Field.swift in Sources */,
				5D81C58B1CC4105600F8899E /* Status.swift in Sources */,
				5D0A25F81CD28E4D00B8C71D /* PlayerFactory.swift in Sources */,
				5D81C5871CC4065000F8899E /* Human.swift in Sources */,
				5DCF285F1CD1588600661CC4 /* ComputerRandom.swift in Sources */,
				5D81C57A1CC404A900F8899E /* main.swift in Sources */,
				5D81C5891CC4089800F8899E /* PlayerClass.swift in Sources */,
				5D81C5831CC4054000F8899E /* Figure.swift in Sources */,
			);
			runOnlyForDeploymentPostprocessing = 0;
		};
		5DF380C41CD365DC00821240 /* Sources */ = {
			isa = PBXSourcesBuildPhase;
			buildActionMask = 2147483647;
			files = (
			);
			runOnlyForDeploymentPostprocessing = 0;
		};
/* End PBXSourcesBuildPhase section */

/* Begin XCBuildConfiguration section */
		5D81C57B1CC404A900F8899E /* Debug */ = {
			isa = XCBuildConfiguration;
			buildSettings = {
				ALWAYS_SEARCH_USER_PATHS = NO;
				CLANG_ANALYZER_NONNULL = YES;
				CLANG_CXX_LANGUAGE_STANDARD = "gnu++0x";
				CLANG_CXX_LIBRARY = "libc++";
				CLANG_ENABLE_MODULES = YES;
				CLANG_ENABLE_OBJC_ARC = YES;
				CLANG_WARN_BOOL_CONVERSION = YES;
				CLANG_WARN_CONSTANT_CONVERSION = YES;
				CLANG_WARN_DIRECT_OBJC_ISA_USAGE = YES_ERROR;
				CLANG_WARN_EMPTY_BODY = YES;
				CLANG_WARN_ENUM_CONVERSION = YES;
				CLANG_WARN_INT_CONVERSION = YES;
				CLANG_WARN_OBJC_ROOT_CLASS = YES_ERROR;
				CLANG_WARN_UNREACHABLE_CODE = YES;
				CLANG_WARN__DUPLICATE_METHOD_MATCH = YES;
				CODE_SIGN_IDENTITY = "-";
				COPY_PHASE_STRIP = NO;
				DEBUG_INFORMATION_FORMAT = dwarf;
				ENABLE_STRICT_OBJC_MSGSEND = YES;
				ENABLE_TESTABILITY = YES;
				GCC_C_LANGUAGE_STANDARD = gnu99;
				GCC_DYNAMIC_NO_PIC = NO;
				GCC_NO_COMMON_BLOCKS = YES;
				GCC_OPTIMIZATION_LEVEL = 0;
				GCC_PREPROCESSOR_DEFINITIONS = (
					"DEBUG=1",
					"$(inherited)",
				);
				GCC_WARN_64_TO_32_BIT_CONVERSION = YES;
				GCC_WARN_ABOUT_RETURN_TYPE = YES_ERROR;
				GCC_WARN_UNDECLARED_SELECTOR = YES;
				GCC_WARN_UNINITIALIZED_AUTOS = YES_AGGRESSIVE;
				GCC_WARN_UNUSED_FUNCTION = YES;
				GCC_WARN_UNUSED_VARIABLE = YES;
				MACOSX_DEPLOYMENT_TARGET = 10.11;
				MTL_ENABLE_DEBUG_INFO = YES;
				ONLY_ACTIVE_ARCH = YES;
				SDKROOT = macosx;
				SWIFT_OPTIMIZATION_LEVEL = "-Onone";
			};
			name = Debug;
		};
		5D81C57C1CC404A900F8899E /* Release */ = {
			isa = XCBuildConfiguration;
			buildSettings = {
				ALWAYS_SEARCH_USER_PATHS = NO;
				CLANG_ANALYZER_NONNULL = YES;
				CLANG_CXX_LANGUAGE_STANDARD = "gnu++0x";
				CLANG_CXX_LIBRARY = "libc++";
				CLANG_ENABLE_MODULES = YES;
				CLANG_ENABLE_OBJC_ARC = YES;
				CLANG_WARN_BOOL_CONVERSION = YES;
				CLANG_WARN_CONSTANT_CONVERSION = YES;
				CLANG_WARN_DIRECT_OBJC_ISA_USAGE = YES_ERROR;
				CLANG_WARN_EMPTY_BODY = YES;
				CLANG_WARN_ENUM_CONVERSION = YES;
				CLANG_WARN_INT_CONVERSION = YES;
				CLANG_WARN_OBJC_ROOT_CLASS = YES_ERROR;
				CLANG_WARN_UNREACHABLE_CODE = YES;
				CLANG_WARN__DUPLICATE_METHOD_MATCH = YES;
				CODE_SIGN_IDENTITY = "-";
				COPY_PHASE_STRIP = NO;
				DEBUG_INFORMATION_FORMAT = "dwarf-with-dsym";
				ENABLE_NS_ASSERTIONS = NO;
				ENABLE_STRICT_OBJC_MSGSEND = YES;
				GCC_C_LANGUAGE_STANDARD = gnu99;
				GCC_NO_COMMON_BLOCKS = YES;
				GCC_WARN_64_TO_32_BIT_CONVERSION = YES;
				GCC_WARN_ABOUT_RETURN_TYPE = YES_ERROR;
				GCC_WARN_UNDECLARED_SELECTOR = YES;
				GCC_WARN_UNINITIALIZED_AUTOS = YES_AGGRESSIVE;
				GCC_WARN_UNUSED_FUNCTION = YES;
				GCC_WARN_UNUSED_VARIABLE = YES;
				MACOSX_DEPLOYMENT_TARGET = 10.11;
				MTL_ENABLE_DEBUG_INFO = NO;
				SDKROOT = macosx;
			};
			name = Release;
		};
		5D81C57E1CC404A900F8899E /* Debug */ = {
			isa = XCBuildConfiguration;
			buildSettings = {
				PRODUCT_NAME = "$(TARGET_NAME)";
			};
			name = Debug;
		};
		5D81C57F1CC404A900F8899E /* Release */ = {
			isa = XCBuildConfiguration;
			buildSettings = {
				PRODUCT_NAME = "$(TARGET_NAME)";
			};
			name = Release;
		};
		5DF380CE1CD365DC00821240 /* Debug */ = {
			isa = XCBuildConfiguration;
			buildSettings = {
				COMBINE_HIDPI_IMAGES = YES;
				INFOPLIST_FILE = woke/Info.plist;
				LD_RUNPATH_SEARCH_PATHS = "$(inherited) @executable_path/../Frameworks @loader_path/../Frameworks";
				PRODUCT_BUNDLE_IDENTIFIER = de.wobilix.woke;
				PRODUCT_NAME = "$(TARGET_NAME)";
			};
			name = Debug;
		};
		5DF380CF1CD365DC00821240 /* Release */ = {
			isa = XCBuildConfiguration;
			buildSettings = {
				COMBINE_HIDPI_IMAGES = YES;
				INFOPLIST_FILE = woke/Info.plist;
				LD_RUNPATH_SEARCH_PATHS = "$(inherited) @executable_path/../Frameworks @loader_path/../Frameworks";
				PRODUCT_BUNDLE_IDENTIFIER = de.wobilix.woke;
				PRODUCT_NAME = "$(TARGET_NAME)";
			};
			name = Release;
		};
/* End XCBuildConfiguration section */

/* Begin XCConfigurationList section */
		5D81C5711CC404A900F8899E /* Build configuration list for PBXProject "TicTacToe" */ = {
			isa = XCConfigurationList;
			buildConfigurations = (
				5D81C57B1CC404A900F8899E /* Debug */,
				5D81C57C1CC404A900F8899E /* Release */,
			);
			defaultConfigurationIsVisible = 0;
			defaultConfigurationName = Release;
		};
		5D81C57D1CC404A900F8899E /* Build configuration list for PBXNativeTarget "TicTacToe" */ = {
			isa = XCConfigurationList;
			buildConfigurations = (
				5D81C57E1CC404A900F8899E /* Debug */,
				5D81C57F1CC404A900F8899E /* Release */,
			);
			defaultConfigurationIsVisible = 0;
			defaultConfigurationName = Release;
		};
		5DF380CD1CD365DC00821240 /* Build configuration list for PBXNativeTarget "woke" */ = {
			isa = XCConfigurationList;
			buildConfigurations = (
				5DF380CE1CD365DC00821240 /* Debug */,
				5DF380CF1CD365DC00821240 /* Release */,
			);
			defaultConfigurationIsVisible = 0;
			defaultConfigurationName = Release;
		};
/* End XCConfigurationList section */
	};
	rootObject = 5D81C56E1CC404A900F8899E /* Project object */;
}
